// !$*UTF8*$!
{
	archiveVersion = 1;
	classes = {
	};
	objectVersion = 46;
	objects = {

/* Begin PBXBuildFile section */
		7E2EAEBF1F6E631000D740DC /* CommunityPostCell.swift in Sources */ = {isa = PBXBuildFile; fileRef = 7E2EAEBE1F6E631000D740DC /* CommunityPostCell.swift */; };
		7E3277CB1F6ABFB200FCC29C /* test_a.png in Resources */ = {isa = PBXBuildFile; fileRef = 7E3277C61F6ABFB200FCC29C /* test_a.png */; };
		7E3277CC1F6ABFB200FCC29C /* test_b.png in Resources */ = {isa = PBXBuildFile; fileRef = 7E3277C71F6ABFB200FCC29C /* test_b.png */; };
		7E3277CD1F6ABFB200FCC29C /* test_c.png in Resources */ = {isa = PBXBuildFile; fileRef = 7E3277C81F6ABFB200FCC29C /* test_c.png */; };
		7E3277CE1F6ABFB200FCC29C /* test_d.png in Resources */ = {isa = PBXBuildFile; fileRef = 7E3277C91F6ABFB200FCC29C /* test_d.png */; };
		7E3277CF1F6ABFB200FCC29C /* test_e.png in Resources */ = {isa = PBXBuildFile; fileRef = 7E3277CA1F6ABFB200FCC29C /* test_e.png */; };
		7E8C356B1F67EC19009F66C3 /* AppDelegate.swift in Sources */ = {isa = PBXBuildFile; fileRef = 7E8C356A1F67EC19009F66C3 /* AppDelegate.swift */; };
		7E8C356D1F67EC19009F66C3 /* LoginController.swift in Sources */ = {isa = PBXBuildFile; fileRef = 7E8C356C1F67EC19009F66C3 /* LoginController.swift */; };
		7E8C35701F67EC19009F66C3 /* Main.storyboard in Resources */ = {isa = PBXBuildFile; fileRef = 7E8C356E1F67EC19009F66C3 /* Main.storyboard */; };
		7E8C35721F67EC19009F66C3 /* Assets.xcassets in Resources */ = {isa = PBXBuildFile; fileRef = 7E8C35711F67EC19009F66C3 /* Assets.xcassets */; };
		7E8C35751F67EC19009F66C3 /* LaunchScreen.storyboard in Resources */ = {isa = PBXBuildFile; fileRef = 7E8C35731F67EC19009F66C3 /* LaunchScreen.storyboard */; };
		7E93CB1D1F67EDD800B0014F /* Util.swift in Sources */ = {isa = PBXBuildFile; fileRef = 7E93CB1C1F67EDD800B0014F /* Util.swift */; };
		7E93CB211F67F0B900B0014F /* MainHomeController.swift in Sources */ = {isa = PBXBuildFile; fileRef = 7E93CB201F67F0B900B0014F /* MainHomeController.swift */; };
		7E93CB231F67F0DC00B0014F /* SignUpController.swift in Sources */ = {isa = PBXBuildFile; fileRef = 7E93CB221F67F0DC00B0014F /* SignUpController.swift */; };
		7E93CB2D1F67F37200B0014F /* PhotoSelectorController.swift in Sources */ = {isa = PBXBuildFile; fileRef = 7E93CB2A1F67F37200B0014F /* PhotoSelectorController.swift */; };
		7E93CB2E1F67F37200B0014F /* PhotoSelectorCell.swift in Sources */ = {isa = PBXBuildFile; fileRef = 7E93CB2B1F67F37200B0014F /* PhotoSelectorCell.swift */; };
		7E93CB2F1F67F37200B0014F /* PhotoSelectorHeader.swift in Sources */ = {isa = PBXBuildFile; fileRef = 7E93CB2C1F67F37200B0014F /* PhotoSelectorHeader.swift */; };
		7E93CB341F67F38600B0014F /* UserProfileHeader.swift in Sources */ = {isa = PBXBuildFile; fileRef = 7E93CB301F67F38600B0014F /* UserProfileHeader.swift */; };
		7E93CB351F67F38600B0014F /* UserProfileController.swift in Sources */ = {isa = PBXBuildFile; fileRef = 7E93CB311F67F38600B0014F /* UserProfileController.swift */; };
		7E93CB361F67F38600B0014F /* User.swift in Sources */ = {isa = PBXBuildFile; fileRef = 7E93CB321F67F38600B0014F /* User.swift */; };
		7E93CB371F67F38600B0014F /* EditProfileController.swift in Sources */ = {isa = PBXBuildFile; fileRef = 7E93CB331F67F38600B0014F /* EditProfileController.swift */; };
		7E93CB391F67F38B00B0014F /* SearchController.swift in Sources */ = {isa = PBXBuildFile; fileRef = 7E93CB381F67F38B00B0014F /* SearchController.swift */; };
		7E93CB3C1F67F39000B0014F /* MessageController.swift in Sources */ = {isa = PBXBuildFile; fileRef = 7E93CB3A1F67F39000B0014F /* MessageController.swift */; };
		7E93CB3D1F67F39000B0014F /* MessageSendController.swift in Sources */ = {isa = PBXBuildFile; fileRef = 7E93CB3B1F67F39000B0014F /* MessageSendController.swift */; };
		7E93CB3F1F67F39900B0014F /* CommunityController.swift in Sources */ = {isa = PBXBuildFile; fileRef = 7E93CB3E1F67F39900B0014F /* CommunityController.swift */; };
/* End PBXBuildFile section */

/* Begin PBXFileReference section */
		7E2EAEBE1F6E631000D740DC /* CommunityPostCell.swift */ = {isa = PBXFileReference; fileEncoding = 4; lastKnownFileType = sourcecode.swift; path = CommunityPostCell.swift; sourceTree = "<group>"; };
		7E3277C61F6ABFB200FCC29C /* test_a.png */ = {isa = PBXFileReference; lastKnownFileType = image.png; path = test_a.png; sourceTree = "<group>"; };
		7E3277C71F6ABFB200FCC29C /* test_b.png */ = {isa = PBXFileReference; lastKnownFileType = image.png; path = test_b.png; sourceTree = "<group>"; };
		7E3277C81F6ABFB200FCC29C /* test_c.png */ = {isa = PBXFileReference; lastKnownFileType = image.png; path = test_c.png; sourceTree = "<group>"; };
		7E3277C91F6ABFB200FCC29C /* test_d.png */ = {isa = PBXFileReference; lastKnownFileType = image.png; path = test_d.png; sourceTree = "<group>"; };
		7E3277CA1F6ABFB200FCC29C /* test_e.png */ = {isa = PBXFileReference; lastKnownFileType = image.png; path = test_e.png; sourceTree = "<group>"; };
		7E8C35671F67EC19009F66C3 /* artlyHub_ios.app */ = {isa = PBXFileReference; explicitFileType = wrapper.application; includeInIndex = 0; path = artlyHub_ios.app; sourceTree = BUILT_PRODUCTS_DIR; };
		7E8C356A1F67EC19009F66C3 /* AppDelegate.swift */ = {isa = PBXFileReference; lastKnownFileType = sourcecode.swift; name = AppDelegate.swift; path = artlyHub_ios/AppDelegate.swift; sourceTree = "<group>"; };
		7E8C356C1F67EC19009F66C3 /* LoginController.swift */ = {isa = PBXFileReference; lastKnownFileType = sourcecode.swift; path = LoginController.swift; sourceTree = "<group>"; };
		7E8C356F1F67EC19009F66C3 /* Base */ = {isa = PBXFileReference; lastKnownFileType = file.storyboard; name = Base; path = Base.lproj/Main.storyboard; sourceTree = "<group>"; };
		7E8C35711F67EC19009F66C3 /* Assets.xcassets */ = {isa = PBXFileReference; lastKnownFileType = folder.assetcatalog; path = Assets.xcassets; sourceTree = "<group>"; };
		7E8C35741F67EC19009F66C3 /* Base */ = {isa = PBXFileReference; lastKnownFileType = file.storyboard; name = Base; path = Base.lproj/LaunchScreen.storyboard; sourceTree = "<group>"; };
		7E8C35761F67EC19009F66C3 /* Info.plist */ = {isa = PBXFileReference; lastKnownFileType = text.plist.xml; name = Info.plist; path = artlyHub_ios/Info.plist; sourceTree = "<group>"; };
		7E93CB1C1F67EDD800B0014F /* Util.swift */ = {isa = PBXFileReference; fileEncoding = 4; lastKnownFileType = sourcecode.swift; path = Util.swift; sourceTree = "<group>"; };
		7E93CB201F67F0B900B0014F /* MainHomeController.swift */ = {isa = PBXFileReference; fileEncoding = 4; lastKnownFileType = sourcecode.swift; path = MainHomeController.swift; sourceTree = "<group>"; };
		7E93CB221F67F0DC00B0014F /* SignUpController.swift */ = {isa = PBXFileReference; fileEncoding = 4; lastKnownFileType = sourcecode.swift; path = SignUpController.swift; sourceTree = "<group>"; };
		7E93CB2A1F67F37200B0014F /* PhotoSelectorController.swift */ = {isa = PBXFileReference; fileEncoding = 4; lastKnownFileType = sourcecode.swift; path = PhotoSelectorController.swift; sourceTree = "<group>"; };
		7E93CB2B1F67F37200B0014F /* PhotoSelectorCell.swift */ = {isa = PBXFileReference; fileEncoding = 4; lastKnownFileType = sourcecode.swift; path = PhotoSelectorCell.swift; sourceTree = "<group>"; };
		7E93CB2C1F67F37200B0014F /* PhotoSelectorHeader.swift */ = {isa = PBXFileReference; fileEncoding = 4; lastKnownFileType = sourcecode.swift; path = PhotoSelectorHeader.swift; sourceTree = "<group>"; };
		7E93CB301F67F38600B0014F /* UserProfileHeader.swift */ = {isa = PBXFileReference; fileEncoding = 4; lastKnownFileType = sourcecode.swift; path = UserProfileHeader.swift; sourceTree = "<group>"; };
		7E93CB311F67F38600B0014F /* UserProfileController.swift */ = {isa = PBXFileReference; fileEncoding = 4; lastKnownFileType = sourcecode.swift; path = UserProfileController.swift; sourceTree = "<group>"; };
		7E93CB321F67F38600B0014F /* User.swift */ = {isa = PBXFileReference; fileEncoding = 4; lastKnownFileType = sourcecode.swift; path = User.swift; sourceTree = "<group>"; };
		7E93CB331F67F38600B0014F /* EditProfileController.swift */ = {isa = PBXFileReference; fileEncoding = 4; lastKnownFileType = sourcecode.swift; path = EditProfileController.swift; sourceTree = "<group>"; };
		7E93CB381F67F38B00B0014F /* SearchController.swift */ = {isa = PBXFileReference; fileEncoding = 4; lastKnownFileType = sourcecode.swift; path = SearchController.swift; sourceTree = "<group>"; };
		7E93CB3A1F67F39000B0014F /* MessageController.swift */ = {isa = PBXFileReference; fileEncoding = 4; lastKnownFileType = sourcecode.swift; path = MessageController.swift; sourceTree = "<group>"; };
		7E93CB3B1F67F39000B0014F /* MessageSendController.swift */ = {isa = PBXFileReference; fileEncoding = 4; lastKnownFileType = sourcecode.swift; path = MessageSendController.swift; sourceTree = "<group>"; };
		7E93CB3E1F67F39900B0014F /* CommunityController.swift */ = {isa = PBXFileReference; fileEncoding = 4; lastKnownFileType = sourcecode.swift; path = CommunityController.swift; sourceTree = "<group>"; };
/* End PBXFileReference section */

/* Begin PBXFrameworksBuildPhase section */
		7E8C35641F67EC19009F66C3 /* Frameworks */ = {
			isa = PBXFrameworksBuildPhase;
			buildActionMask = 2147483647;
			files = (
			);
			runOnlyForDeploymentPostprocessing = 0;
		};
/* End PBXFrameworksBuildPhase section */

/* Begin PBXGroup section */
		7E3277D01F6AC00500FCC29C /* Default */ = {
			isa = PBXGroup;
			children = (
				7E8C356A1F67EC19009F66C3 /* AppDelegate.swift */,
				7E8C356E1F67EC19009F66C3 /* Main.storyboard */,
				7E8C35731F67EC19009F66C3 /* LaunchScreen.storyboard */,
				7E8C35761F67EC19009F66C3 /* Info.plist */,
			);
			name = Default;
			sourceTree = "<group>";
		};
		7E8C355E1F67EC19009F66C3 = {
			isa = PBXGroup;
			children = (
				7E8C35691F67EC19009F66C3 /* artlyHub_ios */,
				7E3277D01F6AC00500FCC29C /* Default */,
				7E8C35681F67EC19009F66C3 /* Products */,
			);
			sourceTree = "<group>";
		};
		7E8C35681F67EC19009F66C3 /* Products */ = {
			isa = PBXGroup;
			children = (
				7E8C35671F67EC19009F66C3 /* artlyHub_ios.app */,
			);
			name = Products;
			sourceTree = "<group>";
		};
		7E8C35691F67EC19009F66C3 /* artlyHub_ios */ = {
			isa = PBXGroup;
			children = (
				7E93CB1F1F67F09300B0014F /* Controllers */,
				7E8C357C1F67EC38009F66C3 /* Common */,
			);
			path = artlyHub_ios;
			sourceTree = "<group>";
		};
		7E8C357C1F67EC38009F66C3 /* Common */ = {
			isa = PBXGroup;
			children = (
				7E93CB1E1F67EFF900B0014F /* images */,
				7E8C35711F67EC19009F66C3 /* Assets.xcassets */,
				7E93CB1C1F67EDD800B0014F /* Util.swift */,
			);
			name = Common;
			sourceTree = "<group>";
		};
		7E93CB1E1F67EFF900B0014F /* images */ = {
			isa = PBXGroup;
			children = (
				7E3277C61F6ABFB200FCC29C /* test_a.png */,
				7E3277C71F6ABFB200FCC29C /* test_b.png */,
				7E3277C81F6ABFB200FCC29C /* test_c.png */,
				7E3277C91F6ABFB200FCC29C /* test_d.png */,
				7E3277CA1F6ABFB200FCC29C /* test_e.png */,
			);
			name = images;
			sourceTree = "<group>";
		};
		7E93CB1F1F67F09300B0014F /* Controllers */ = {
			isa = PBXGroup;
			children = (
				7E93CB241F67F10300B0014F /* Tabs */,
				7E93CB201F67F0B900B0014F /* MainHomeController.swift */,
				7E8C356C1F67EC19009F66C3 /* LoginController.swift */,
				7E93CB221F67F0DC00B0014F /* SignUpController.swift */,
			);
			name = Controllers;
			sourceTree = "<group>";
		};
		7E93CB241F67F10300B0014F /* Tabs */ = {
			isa = PBXGroup;
			children = (
				7E93CB291F67F28C00B0014F /* Upload */,
				7E93CB281F67F27A00B0014F /* Message */,
				7E93CB271F67F25700B0014F /* Search */,
				7E93CB261F67F24900B0014F /* Profile */,
				7E93CB251F67F24100B0014F /* Home */,
			);
			name = Tabs;
			sourceTree = "<group>";
		};
		7E93CB251F67F24100B0014F /* Home */ = {
			isa = PBXGroup;
			children = (
				7E93CB3E1F67F39900B0014F /* CommunityController.swift */,
				7E2EAEBE1F6E631000D740DC /* CommunityPostCell.swift */,
			);
			name = Home;
			sourceTree = "<group>";
		};
		7E93CB261F67F24900B0014F /* Profile */ = {
			isa = PBXGroup;
			children = (
				7E93CB301F67F38600B0014F /* UserProfileHeader.swift */,
				7E93CB311F67F38600B0014F /* UserProfileController.swift */,
				7E93CB321F67F38600B0014F /* User.swift */,
				7E93CB331F67F38600B0014F /* EditProfileController.swift */,
			);
			name = Profile;
			sourceTree = "<group>";
		};
		7E93CB271F67F25700B0014F /* Search */ = {
			isa = PBXGroup;
			children = (
				7E93CB381F67F38B00B0014F /* SearchController.swift */,
			);
			name = Search;
			sourceTree = "<group>";
		};
		7E93CB281F67F27A00B0014F /* Message */ = {
			isa = PBXGroup;
			children = (
				7E93CB3A1F67F39000B0014F /* MessageController.swift */,
				7E93CB3B1F67F39000B0014F /* MessageSendController.swift */,
			);
			name = Message;
			sourceTree = "<group>";
		};
		7E93CB291F67F28C00B0014F /* Upload */ = {
			isa = PBXGroup;
			children = (
				7E93CB2A1F67F37200B0014F /* PhotoSelectorController.swift */,
				7E93CB2B1F67F37200B0014F /* PhotoSelectorCell.swift */,
				7E93CB2C1F67F37200B0014F /* PhotoSelectorHeader.swift */,
			);
			name = Upload;
			sourceTree = "<group>";
		};
/* End PBXGroup section */

/* Begin PBXNativeTarget section */
		7E8C35661F67EC19009F66C3 /* artlyHub_ios */ = {
			isa = PBXNativeTarget;
			buildConfigurationList = 7E8C35791F67EC19009F66C3 /* Build configuration list for PBXNativeTarget "artlyHub_ios" */;
			buildPhases = (
				7E8C35631F67EC19009F66C3 /* Sources */,
				7E8C35641F67EC19009F66C3 /* Frameworks */,
				7E8C35651F67EC19009F66C3 /* Resources */,
			);
			buildRules = (
			);
			dependencies = (
			);
			name = artlyHub_ios;
			productName = artlyHub_ios;
			productReference = 7E8C35671F67EC19009F66C3 /* artlyHub_ios.app */;
			productType = "com.apple.product-type.application";
		};
/* End PBXNativeTarget section */

/* Begin PBXProject section */
		7E8C355F1F67EC19009F66C3 /* Project object */ = {
			isa = PBXProject;
			attributes = {
				LastSwiftUpdateCheck = 0830;
				LastUpgradeCheck = 0830;
				ORGANIZATIONNAME = "Yumin Park";
				TargetAttributes = {
					7E8C35661F67EC19009F66C3 = {
						CreatedOnToolsVersion = 8.3.3;
						ProvisioningStyle = Automatic;
					};
				};
			};
			buildConfigurationList = 7E8C35621F67EC19009F66C3 /* Build configuration list for PBXProject "artlyHub_ios" */;
			compatibilityVersion = "Xcode 3.2";
			developmentRegion = English;
			hasScannedForEncodings = 0;
			knownRegions = (
				en,
				Base,
			);
			mainGroup = 7E8C355E1F67EC19009F66C3;
			productRefGroup = 7E8C35681F67EC19009F66C3 /* Products */;
			projectDirPath = "";
			projectRoot = "";
			targets = (
				7E8C35661F67EC19009F66C3 /* artlyHub_ios */,
			);
		};
/* End PBXProject section */

/* Begin PBXResourcesBuildPhase section */
		7E8C35651F67EC19009F66C3 /* Resources */ = {
			isa = PBXResourcesBuildPhase;
			buildActionMask = 2147483647;
			files = (
				7E8C35751F67EC19009F66C3 /* LaunchScreen.storyboard in Resources */,
				7E3277CC1F6ABFB200FCC29C /* test_b.png in Resources */,
				7E3277CB1F6ABFB200FCC29C /* test_a.png in Resources */,
				7E3277CD1F6ABFB200FCC29C /* test_c.png in Resources */,
				7E8C35721F67EC19009F66C3 /* Assets.xcassets in Resources */,
				7E3277CF1F6ABFB200FCC29C /* test_e.png in Resources */,
				7E3277CE1F6ABFB200FCC29C /* test_d.png in Resources */,
				7E8C35701F67EC19009F66C3 /* Main.storyboard in Resources */,
			);
			runOnlyForDeploymentPostprocessing = 0;
		};
/* End PBXResourcesBuildPhase section */

/* Begin PBXSourcesBuildPhase section */
		7E8C35631F67EC19009F66C3 /* Sources */ = {
			isa = PBXSourcesBuildPhase;
			buildActionMask = 2147483647;
			files = (
				7E93CB2F1F67F37200B0014F /* PhotoSelectorHeader.swift in Sources */,
				7E93CB231F67F0DC00B0014F /* SignUpController.swift in Sources */,
				7E8C356D1F67EC19009F66C3 /* LoginController.swift in Sources */,
				7E93CB391F67F38B00B0014F /* SearchController.swift in Sources */,
				7E93CB341F67F38600B0014F /* UserProfileHeader.swift in Sources */,
				7E93CB211F67F0B900B0014F /* MainHomeController.swift in Sources */,
				7E93CB371F67F38600B0014F /* EditProfileController.swift in Sources */,
				7E93CB2E1F67F37200B0014F /* PhotoSelectorCell.swift in Sources */,
				7E93CB2D1F67F37200B0014F /* PhotoSelectorController.swift in Sources */,
				7E93CB3D1F67F39000B0014F /* MessageSendController.swift in Sources */,
				7E2EAEBF1F6E631000D740DC /* CommunityPostCell.swift in Sources */,
				7E93CB3C1F67F39000B0014F /* MessageController.swift in Sources */,
				7E93CB1D1F67EDD800B0014F /* Util.swift in Sources */,
				7E93CB351F67F38600B0014F /* UserProfileController.swift in Sources */,
				7E93CB3F1F67F39900B0014F /* CommunityController.swift in Sources */,
				7E8C356B1F67EC19009F66C3 /* AppDelegate.swift in Sources */,
				7E93CB361F67F38600B0014F /* User.swift in Sources */,
			);
			runOnlyForDeploymentPostprocessing = 0;
		};
/* End PBXSourcesBuildPhase section */

/* Begin PBXVariantGroup section */
		7E8C356E1F67EC19009F66C3 /* Main.storyboard */ = {
			isa = PBXVariantGroup;
			children = (
				7E8C356F1F67EC19009F66C3 /* Base */,
			);
			name = Main.storyboard;
			path = artlyHub_ios;
			sourceTree = "<group>";
		};
		7E8C35731F67EC19009F66C3 /* LaunchScreen.storyboard */ = {
			isa = PBXVariantGroup;
			children = (
				7E8C35741F67EC19009F66C3 /* Base */,
			);
			name = LaunchScreen.storyboard;
			path = artlyHub_ios;
			sourceTree = "<group>";
		};
/* End PBXVariantGroup section */

/* Begin XCBuildConfiguration section */
		7E8C35771F67EC19009F66C3 /* Debug */ = {
			isa = XCBuildConfiguration;
			buildSettings = {
				ALWAYS_SEARCH_USER_PATHS = NO;
				CLANG_ANALYZER_NONNULL = YES;
				CLANG_ANALYZER_NUMBER_OBJECT_CONVERSION = YES_AGGRESSIVE;
				CLANG_CXX_LANGUAGE_STANDARD = "gnu++0x";
				CLANG_CXX_LIBRARY = "libc++";
				CLANG_ENABLE_MODULES = YES;
				CLANG_ENABLE_OBJC_ARC = YES;
				CLANG_WARN_BOOL_CONVERSION = YES;
				CLANG_WARN_CONSTANT_CONVERSION = YES;
				CLANG_WARN_DIRECT_OBJC_ISA_USAGE = YES_ERROR;
				CLANG_WARN_DOCUMENTATION_COMMENTS = YES;
				CLANG_WARN_EMPTY_BODY = YES;
				CLANG_WARN_ENUM_CONVERSION = YES;
				CLANG_WARN_INFINITE_RECURSION = YES;
				CLANG_WARN_INT_CONVERSION = YES;
				CLANG_WARN_OBJC_ROOT_CLASS = YES_ERROR;
				CLANG_WARN_SUSPICIOUS_MOVE = YES;
				CLANG_WARN_UNREACHABLE_CODE = YES;
				CLANG_WARN__DUPLICATE_METHOD_MATCH = YES;
				"CODE_SIGN_IDENTITY[sdk=iphoneos*]" = "iPhone Developer";
				COPY_PHASE_STRIP = NO;
				DEBUG_INFORMATION_FORMAT = dwarf;
				ENABLE_STRICT_OBJC_MSGSEND = YES;
				ENABLE_TESTABILITY = YES;
				GCC_C_LANGUAGE_STANDARD = gnu99;
				GCC_DYNAMIC_NO_PIC = NO;
				GCC_NO_COMMON_BLOCKS = YES;
				GCC_OPTIMIZATION_LEVEL = 0;
				GCC_PREPROCESSOR_DEFINITIONS = (
					"DEBUG=1",
					"$(inherited)",
				);
				GCC_WARN_64_TO_32_BIT_CONVERSION = YES;
				GCC_WARN_ABOUT_RETURN_TYPE = YES_ERROR;
				GCC_WARN_UNDECLARED_SELECTOR = YES;
				GCC_WARN_UNINITIALIZED_AUTOS = YES_AGGRESSIVE;
				GCC_WARN_UNUSED_FUNCTION = YES;
				GCC_WARN_UNUSED_VARIABLE = YES;
				IPHONEOS_DEPLOYMENT_TARGET = 10.3;
				MTL_ENABLE_DEBUG_INFO = YES;
				ONLY_ACTIVE_ARCH = YES;
				SDKROOT = iphoneos;
				SWIFT_ACTIVE_COMPILATION_CONDITIONS = DEBUG;
				SWIFT_OPTIMIZATION_LEVEL = "-Onone";
				TARGETED_DEVICE_FAMILY = "1,2";
			};
			name = Debug;
		};
		7E8C35781F67EC19009F66C3 /* Release */ = {
			isa = XCBuildConfiguration;
			buildSettings = {
				ALWAYS_SEARCH_USER_PATHS = NO;
				CLANG_ANALYZER_NONNULL = YES;
				CLANG_ANALYZER_NUMBER_OBJECT_CONVERSION = YES_AGGRESSIVE;
				CLANG_CXX_LANGUAGE_STANDARD = "gnu++0x";
				CLANG_CXX_LIBRARY = "libc++";
				CLANG_ENABLE_MODULES = YES;
				CLANG_ENABLE_OBJC_ARC = YES;
				CLANG_WARN_BOOL_CONVERSION = YES;
				CLANG_WARN_CONSTANT_CONVERSION = YES;
				CLANG_WARN_DIRECT_OBJC_ISA_USAGE = YES_ERROR;
				CLANG_WARN_DOCUMENTATION_COMMENTS = YES;
				CLANG_WARN_EMPTY_BODY = YES;
				CLANG_WARN_ENUM_CONVERSION = YES;
				CLANG_WARN_INFINITE_RECURSION = YES;
				CLANG_WARN_INT_CONVERSION = YES;
				CLANG_WARN_OBJC_ROOT_CLASS = YES_ERROR;
				CLANG_WARN_SUSPICIOUS_MOVE = YES;
				CLANG_WARN_UNREACHABLE_CODE = YES;
				CLANG_WARN__DUPLICATE_METHOD_MATCH = YES;
				"CODE_SIGN_IDENTITY[sdk=iphoneos*]" = "iPhone Developer";
				COPY_PHASE_STRIP = NO;
				DEBUG_INFORMATION_FORMAT = "dwarf-with-dsym";
				ENABLE_NS_ASSERTIONS = NO;
				ENABLE_STRICT_OBJC_MSGSEND = YES;
				GCC_C_LANGUAGE_STANDARD = gnu99;
				GCC_NO_COMMON_BLOCKS = YES;
				GCC_WARN_64_TO_32_BIT_CONVERSION = YES;
				GCC_WARN_ABOUT_RETURN_TYPE = YES_ERROR;
				GCC_WARN_UNDECLARED_SELECTOR = YES;
				GCC_WARN_UNINITIALIZED_AUTOS = YES_AGGRESSIVE;
				GCC_WARN_UNUSED_FUNCTION = YES;
				GCC_WARN_UNUSED_VARIABLE = YES;
				IPHONEOS_DEPLOYMENT_TARGET = 10.3;
				MTL_ENABLE_DEBUG_INFO = NO;
				SDKROOT = iphoneos;
				SWIFT_OPTIMIZATION_LEVEL = "-Owholemodule";
				TARGETED_DEVICE_FAMILY = "1,2";
				VALIDATE_PRODUCT = YES;
			};
			name = Release;
		};
		7E8C357A1F67EC19009F66C3 /* Debug */ = {
			isa = XCBuildConfiguration;
			buildSettings = {
				ASSETCATALOG_COMPILER_APPICON_NAME = AppIcon;
				DEVELOPMENT_TEAM = "";
				INFOPLIST_FILE = artlyHub_ios/Info.plist;
				LD_RUNPATH_SEARCH_PATHS = "$(inherited) @executable_path/Frameworks";
				PRODUCT_BUNDLE_IDENTIFIER = "com.whateveruwant.artlyHub-ios";
				PRODUCT_NAME = "$(TARGET_NAME)";
				SWIFT_VERSION = 3.0;
			};
			name = Debug;
		};
		7E8C357B1F67EC19009F66C3 /* Release */ = {
			isa = XCBuildConfiguration;
			buildSettings = {
				ASSETCATALOG_COMPILER_APPICON_NAME = AppIcon;
				DEVELOPMENT_TEAM = "";
				INFOPLIST_FILE = artlyHub_ios/Info.plist;
				LD_RUNPATH_SEARCH_PATHS = "$(inherited) @executable_path/Frameworks";
				PRODUCT_BUNDLE_IDENTIFIER = "com.whateveruwant.artlyHub-ios";
				PRODUCT_NAME = "$(TARGET_NAME)";
				SWIFT_VERSION = 3.0;
			};
			name = Release;
		};
/* End XCBuildConfiguration section */

/* Begin XCConfigurationList section */
		7E8C35621F67EC19009F66C3 /* Build configuration list for PBXProject "artlyHub_ios" */ = {
			isa = XCConfigurationList;
			buildConfigurations = (
				7E8C35771F67EC19009F66C3 /* Debug */,
				7E8C35781F67EC19009F66C3 /* Release */,
			);
			defaultConfigurationIsVisible = 0;
			defaultConfigurationName = Release;
		};
		7E8C35791F67EC19009F66C3 /* Build configuration list for PBXNativeTarget "artlyHub_ios" */ = {
			isa = XCConfigurationList;
			buildConfigurations = (
				7E8C357A1F67EC19009F66C3 /* Debug */,
				7E8C357B1F67EC19009F66C3 /* Release */,
			);
			defaultConfigurationIsVisible = 0;
			defaultConfigurationName = Release;
		};
/* End XCConfigurationList section */
	};
	rootObject = 7E8C355F1F67EC19009F66C3 /* Project object */;
}
